
Microsoft Visual Studio Solution File, Format Version 12.00
# Visual Studio Version 16
VisualStudioVersion = 16.0.31321.278
MinimumVisualStudioVersion = 10.0.40219.1
Project("{9A19103F-16F7-4668-BE54-9A1E7A4F7556}") = "Bottleneck", "Bottleneck.csproj", "{65DD4331-6FCA-429B-B994-B42DEC9F3845}"
EndProject
Global
	GlobalSection(SolutionConfigurationPlatforms) = preSolution
		Debug|Any CPU = Debug|Any CPU
		Release|Any CPU = Release|Any CPU
	EndGlobalSection
	GlobalSection(ProjectConfigurationPlatforms) = postSolution
		{65DD4331-6FCA-429B-B994-B42DEC9F3845}.Debug|Any CPU.ActiveCfg = Debug|Any CPU
		{65DD4331-6FCA-429B-B994-B42DEC9F3845}.Debug|Any CPU.Build.0 = Debug|Any CPU
		{65DD4331-6FCA-429B-B994-B42DEC9F3845}.Release|Any CPU.ActiveCfg = Release|Any CPU
		{65DD4331-6FCA-429B-B994-B42DEC9F3845}.Release|Any CPU.Build.0 = Release|Any CPU
	EndGlobalSection
	GlobalSection(SolutionProperties) = preSolution
		HideSolutionNode = FALSE
	EndGlobalSection
	GlobalSection(ExtensibilityGlobals) = postSolution
		SolutionGuid = {259A445C-6D12-4729-A315-FB20EE9B539A}
	EndGlobalSection
EndGlobal
